// !$*UTF8*$!
{
	archiveVersion = 1;
	classes = {
	};
	objectVersion = 55;
	objects = {

/* Begin PBXBuildFile section */
		F7793A242832FE0B000D9428 /* StackWithMin.swift in Sources */ = {isa = PBXBuildFile; fileRef = F7793A232832FE0B000D9428 /* StackWithMin.swift */; };
		F7793A2628330217000D9428 /* StacksAndQueuesTests.swift in Sources */ = {isa = PBXBuildFile; fileRef = F7793A2528330217000D9428 /* StacksAndQueuesTests.swift */; };
		F7793A28283305A2000D9428 /* SetOfStacks.swift in Sources */ = {isa = PBXBuildFile; fileRef = F7793A27283305A2000D9428 /* SetOfStacks.swift */; };
		F7793A2A28330DD5000D9428 /* QueueViaStacks.swift in Sources */ = {isa = PBXBuildFile; fileRef = F7793A2928330DD5000D9428 /* QueueViaStacks.swift */; };
		F7793A2C2833123A000D9428 /* ThreeStacksInOne.swift in Sources */ = {isa = PBXBuildFile; fileRef = F7793A2B2833123A000D9428 /* ThreeStacksInOne.swift */; };
		F7793A2E2834096A000D9428 /* AnimalShelterQueue.swift in Sources */ = {isa = PBXBuildFile; fileRef = F7793A2D2834096A000D9428 /* AnimalShelterQueue.swift */; };
		F7793A3028341F67000D9428 /* BinarySearchTree.swift in Sources */ = {isa = PBXBuildFile; fileRef = F7793A2F28341F67000D9428 /* BinarySearchTree.swift */; };
		F7793A352834246D000D9428 /* BinaryTreeView.swift in Sources */ = {isa = PBXBuildFile; fileRef = F7793A342834246D000D9428 /* BinaryTreeView.swift */; };
		F7793A3728343BC8000D9428 /* BinaryTreeDemo.swift in Sources */ = {isa = PBXBuildFile; fileRef = F7793A3628343BC8000D9428 /* BinaryTreeDemo.swift */; };
		F7793A392834503F000D9428 /* Graph.swift in Sources */ = {isa = PBXBuildFile; fileRef = F7793A382834503F000D9428 /* Graph.swift */; };
		F7793A3C283450CF000D9428 /* GraphQuestions.swift in Sources */ = {isa = PBXBuildFile; fileRef = F7793A3B283450CF000D9428 /* GraphQuestions.swift */; };
		F7793A3E283452C6000D9428 /* GraphsAndTreesTests.swift in Sources */ = {isa = PBXBuildFile; fileRef = F7793A3D283452C6000D9428 /* GraphsAndTreesTests.swift */; };
		F7AEC1E6282E22B7008174B9 /* AlgoApp.swift in Sources */ = {isa = PBXBuildFile; fileRef = F7AEC1E5282E22B7008174B9 /* AlgoApp.swift */; };
		F7AEC1E8282E22B7008174B9 /* ContentView.swift in Sources */ = {isa = PBXBuildFile; fileRef = F7AEC1E7282E22B7008174B9 /* ContentView.swift */; };
		F7AEC1EA282E22BA008174B9 /* Assets.xcassets in Resources */ = {isa = PBXBuildFile; fileRef = F7AEC1E9282E22BA008174B9 /* Assets.xcassets */; };
		F7AEC1ED282E22BA008174B9 /* Preview Assets.xcassets in Resources */ = {isa = PBXBuildFile; fileRef = F7AEC1EC282E22BA008174B9 /* Preview Assets.xcassets */; };
		F7AEC1F4282E22DA008174B9 /* LinkedList.swift in Sources */ = {isa = PBXBuildFile; fileRef = F7AEC1F3282E22DA008174B9 /* LinkedList.swift */; };
		F7AEC1FC282E27D3008174B9 /* LinkedListTests.swift in Sources */ = {isa = PBXBuildFile; fileRef = F7AEC1FB282E27D3008174B9 /* LinkedListTests.swift */; };
		F7AEC2032831D6EC008174B9 /* Stack.swift in Sources */ = {isa = PBXBuildFile; fileRef = F7AEC2022831D6EB008174B9 /* Stack.swift */; };
		F7AEC2052831D86E008174B9 /* Queue.swift in Sources */ = {isa = PBXBuildFile; fileRef = F7AEC2042831D86E008174B9 /* Queue.swift */; };
		F7AEC2072831DBA7008174B9 /* StackAndQueuesQuestions.swift in Sources */ = {isa = PBXBuildFile; fileRef = F7AEC2062831DBA7008174B9 /* StackAndQueuesQuestions.swift */; };
/* End PBXBuildFile section */

/* Begin PBXContainerItemProxy section */
		F7AEC1FD282E27D3008174B9 /* PBXContainerItemProxy */ = {
			isa = PBXContainerItemProxy;
			containerPortal = F7AEC1DA282E22B7008174B9 /* Project object */;
			proxyType = 1;
			remoteGlobalIDString = F7AEC1E1282E22B7008174B9;
			remoteInfo = Algo;
		};
/* End PBXContainerItemProxy section */

/* Begin PBXFileReference section */
		F7793A232832FE0B000D9428 /* StackWithMin.swift */ = {isa = PBXFileReference; lastKnownFileType = sourcecode.swift; path = StackWithMin.swift; sourceTree = "<group>"; };
		F7793A2528330217000D9428 /* StacksAndQueuesTests.swift */ = {isa = PBXFileReference; lastKnownFileType = sourcecode.swift; path = StacksAndQueuesTests.swift; sourceTree = "<group>"; };
		F7793A27283305A2000D9428 /* SetOfStacks.swift */ = {isa = PBXFileReference; lastKnownFileType = sourcecode.swift; path = SetOfStacks.swift; sourceTree = "<group>"; };
		F7793A2928330DD5000D9428 /* QueueViaStacks.swift */ = {isa = PBXFileReference; lastKnownFileType = sourcecode.swift; path = QueueViaStacks.swift; sourceTree = "<group>"; };
		F7793A2B2833123A000D9428 /* ThreeStacksInOne.swift */ = {isa = PBXFileReference; lastKnownFileType = sourcecode.swift; path = ThreeStacksInOne.swift; sourceTree = "<group>"; };
		F7793A2D2834096A000D9428 /* AnimalShelterQueue.swift */ = {isa = PBXFileReference; lastKnownFileType = sourcecode.swift; path = AnimalShelterQueue.swift; sourceTree = "<group>"; };
		F7793A2F28341F67000D9428 /* BinarySearchTree.swift */ = {isa = PBXFileReference; lastKnownFileType = sourcecode.swift; path = BinarySearchTree.swift; sourceTree = "<group>"; };
		F7793A342834246D000D9428 /* BinaryTreeView.swift */ = {isa = PBXFileReference; lastKnownFileType = sourcecode.swift; path = BinaryTreeView.swift; sourceTree = "<group>"; };
		F7793A3628343BC8000D9428 /* BinaryTreeDemo.swift */ = {isa = PBXFileReference; lastKnownFileType = sourcecode.swift; path = BinaryTreeDemo.swift; sourceTree = "<group>"; };
		F7793A382834503F000D9428 /* Graph.swift */ = {isa = PBXFileReference; lastKnownFileType = sourcecode.swift; path = Graph.swift; sourceTree = "<group>"; };
		F7793A3B283450CF000D9428 /* GraphQuestions.swift */ = {isa = PBXFileReference; lastKnownFileType = sourcecode.swift; path = GraphQuestions.swift; sourceTree = "<group>"; };
		F7793A3D283452C6000D9428 /* GraphsAndTreesTests.swift */ = {isa = PBXFileReference; lastKnownFileType = sourcecode.swift; path = GraphsAndTreesTests.swift; sourceTree = "<group>"; };
		F7AEC1E2282E22B7008174B9 /* Algo.app */ = {isa = PBXFileReference; explicitFileType = wrapper.application; includeInIndex = 0; path = Algo.app; sourceTree = BUILT_PRODUCTS_DIR; };
		F7AEC1E5282E22B7008174B9 /* AlgoApp.swift */ = {isa = PBXFileReference; lastKnownFileType = sourcecode.swift; path = AlgoApp.swift; sourceTree = "<group>"; };
		F7AEC1E7282E22B7008174B9 /* ContentView.swift */ = {isa = PBXFileReference; lastKnownFileType = sourcecode.swift; path = ContentView.swift; sourceTree = "<group>"; };
		F7AEC1E9282E22BA008174B9 /* Assets.xcassets */ = {isa = PBXFileReference; lastKnownFileType = folder.assetcatalog; path = Assets.xcassets; sourceTree = "<group>"; };
		F7AEC1EC282E22BA008174B9 /* Preview Assets.xcassets */ = {isa = PBXFileReference; lastKnownFileType = folder.assetcatalog; path = "Preview Assets.xcassets"; sourceTree = "<group>"; };
		F7AEC1F3282E22DA008174B9 /* LinkedList.swift */ = {isa = PBXFileReference; lastKnownFileType = sourcecode.swift; path = LinkedList.swift; sourceTree = "<group>"; };
		F7AEC1F9282E27D3008174B9 /* AlgoTests.xctest */ = {isa = PBXFileReference; explicitFileType = wrapper.cfbundle; includeInIndex = 0; path = AlgoTests.xctest; sourceTree = BUILT_PRODUCTS_DIR; };
		F7AEC1FB282E27D3008174B9 /* LinkedListTests.swift */ = {isa = PBXFileReference; lastKnownFileType = sourcecode.swift; path = LinkedListTests.swift; sourceTree = "<group>"; };
		F7AEC2022831D6EB008174B9 /* Stack.swift */ = {isa = PBXFileReference; lastKnownFileType = sourcecode.swift; path = Stack.swift; sourceTree = "<group>"; };
		F7AEC2042831D86E008174B9 /* Queue.swift */ = {isa = PBXFileReference; lastKnownFileType = sourcecode.swift; path = Queue.swift; sourceTree = "<group>"; };
		F7AEC2062831DBA7008174B9 /* StackAndQueuesQuestions.swift */ = {isa = PBXFileReference; lastKnownFileType = sourcecode.swift; path = StackAndQueuesQuestions.swift; sourceTree = "<group>"; };
/* End PBXFileReference section */

/* Begin PBXFrameworksBuildPhase section */
		F7AEC1DF282E22B7008174B9 /* Frameworks */ = {
			isa = PBXFrameworksBuildPhase;
			buildActionMask = 2147483647;
			files = (
			);
			runOnlyForDeploymentPostprocessing = 0;
		};
		F7AEC1F6282E27D3008174B9 /* Frameworks */ = {
			isa = PBXFrameworksBuildPhase;
			buildActionMask = 2147483647;
			files = (
			);
			runOnlyForDeploymentPostprocessing = 0;
		};
/* End PBXFrameworksBuildPhase section */

/* Begin PBXGroup section */
		F7793A3128342434000D9428 /* StacksAndQueues */ = {
			isa = PBXGroup;
			children = (
				F7AEC2022831D6EB008174B9 /* Stack.swift */,
				F7793A27283305A2000D9428 /* SetOfStacks.swift */,
				F7793A2928330DD5000D9428 /* QueueViaStacks.swift */,
				F7793A232832FE0B000D9428 /* StackWithMin.swift */,
				F7AEC2042831D86E008174B9 /* Queue.swift */,
				F7AEC2062831DBA7008174B9 /* StackAndQueuesQuestions.swift */,
				F7793A2D2834096A000D9428 /* AnimalShelterQueue.swift */,
				F7793A2B2833123A000D9428 /* ThreeStacksInOne.swift */,
			);
			path = StacksAndQueues;
			sourceTree = "<group>";
		};
		F7793A3228342441000D9428 /* LinkedLists */ = {
			isa = PBXGroup;
			children = (
				F7AEC1F3282E22DA008174B9 /* LinkedList.swift */,
			);
			path = LinkedLists;
			sourceTree = "<group>";
		};
		F7793A332834244B000D9428 /* Trees */ = {
			isa = PBXGroup;
			children = (
				F7793A2F28341F67000D9428 /* BinarySearchTree.swift */,
				F7793A342834246D000D9428 /* BinaryTreeView.swift */,
				F7793A3628343BC8000D9428 /* BinaryTreeDemo.swift */,
			);
			path = Trees;
			sourceTree = "<group>";
		};
		F7793A3A283450C4000D9428 /* Graph */ = {
			isa = PBXGroup;
			children = (
				F7793A382834503F000D9428 /* Graph.swift */,
				F7793A3B283450CF000D9428 /* GraphQuestions.swift */,
			);
			path = Graph;
			sourceTree = "<group>";
		};
		F7AEC1D9282E22B7008174B9 = {
			isa = PBXGroup;
			children = (
				F7AEC1E4282E22B7008174B9 /* Algo */,
				F7AEC1FA282E27D3008174B9 /* AlgoTests */,
				F7AEC1E3282E22B7008174B9 /* Products */,
			);
			sourceTree = "<group>";
		};
		F7AEC1E3282E22B7008174B9 /* Products */ = {
			isa = PBXGroup;
			children = (
				F7AEC1E2282E22B7008174B9 /* Algo.app */,
				F7AEC1F9282E27D3008174B9 /* AlgoTests.xctest */,
			);
			name = Products;
			sourceTree = "<group>";
		};
		F7AEC1E4282E22B7008174B9 /* Algo */ = {
			isa = PBXGroup;
			children = (
				F7AEC1E5282E22B7008174B9 /* AlgoApp.swift */,
				F7AEC1E7282E22B7008174B9 /* ContentView.swift */,
				F7AEC1E9282E22BA008174B9 /* Assets.xcassets */,
				F7AEC1EB282E22BA008174B9 /* Preview Content */,
				F7793A3228342441000D9428 /* LinkedLists */,
				F7793A3128342434000D9428 /* StacksAndQueues */,
				F7793A332834244B000D9428 /* Trees */,
				F7793A3A283450C4000D9428 /* Graph */,
			);
			path = Algo;
			sourceTree = "<group>";
		};
		F7AEC1EB282E22BA008174B9 /* Preview Content */ = {
			isa = PBXGroup;
			children = (
				F7AEC1EC282E22BA008174B9 /* Preview Assets.xcassets */,
			);
			path = "Preview Content";
			sourceTree = "<group>";
		};
		F7AEC1FA282E27D3008174B9 /* AlgoTests */ = {
			isa = PBXGroup;
			children = (
				F7AEC1FB282E27D3008174B9 /* LinkedListTests.swift */,
				F7793A2528330217000D9428 /* StacksAndQueuesTests.swift */,
				F7793A3D283452C6000D9428 /* GraphsAndTreesTests.swift */,
			);
			path = AlgoTests;
			sourceTree = "<group>";
		};
/* End PBXGroup section */

/* Begin PBXNativeTarget section */
		F7AEC1E1282E22B7008174B9 /* Algo */ = {
			isa = PBXNativeTarget;
			buildConfigurationList = F7AEC1F0282E22BA008174B9 /* Build configuration list for PBXNativeTarget "Algo" */;
			buildPhases = (
				F7AEC1DE282E22B7008174B9 /* Sources */,
				F7AEC1DF282E22B7008174B9 /* Frameworks */,
				F7AEC1E0282E22B7008174B9 /* Resources */,
			);
			buildRules = (
			);
			dependencies = (
			);
			name = Algo;
			productName = Algo;
			productReference = F7AEC1E2282E22B7008174B9 /* Algo.app */;
			productType = "com.apple.product-type.application";
		};
		F7AEC1F8282E27D3008174B9 /* AlgoTests */ = {
			isa = PBXNativeTarget;
			buildConfigurationList = F7AEC1FF282E27D3008174B9 /* Build configuration list for PBXNativeTarget "AlgoTests" */;
			buildPhases = (
				F7AEC1F5282E27D3008174B9 /* Sources */,
				F7AEC1F6282E27D3008174B9 /* Frameworks */,
				F7AEC1F7282E27D3008174B9 /* Resources */,
			);
			buildRules = (
			);
			dependencies = (
				F7AEC1FE282E27D3008174B9 /* PBXTargetDependency */,
			);
			name = AlgoTests;
			productName = AlgoTests;
			productReference = F7AEC1F9282E27D3008174B9 /* AlgoTests.xctest */;
			productType = "com.apple.product-type.bundle.unit-test";
		};
/* End PBXNativeTarget section */

/* Begin PBXProject section */
		F7AEC1DA282E22B7008174B9 /* Project object */ = {
			isa = PBXProject;
			attributes = {
				BuildIndependentTargetsInParallel = 1;
				LastSwiftUpdateCheck = 1330;
				LastUpgradeCheck = 1330;
				TargetAttributes = {
					F7AEC1E1282E22B7008174B9 = {
						CreatedOnToolsVersion = 13.3.1;
					};
					F7AEC1F8282E27D3008174B9 = {
						CreatedOnToolsVersion = 13.3.1;
						TestTargetID = F7AEC1E1282E22B7008174B9;
					};
				};
			};
			buildConfigurationList = F7AEC1DD282E22B7008174B9 /* Build configuration list for PBXProject "Algo" */;
			compatibilityVersion = "Xcode 13.0";
			developmentRegion = en;
			hasScannedForEncodings = 0;
			knownRegions = (
				en,
				Base,
			);
			mainGroup = F7AEC1D9282E22B7008174B9;
			productRefGroup = F7AEC1E3282E22B7008174B9 /* Products */;
			projectDirPath = "";
			projectRoot = "";
			targets = (
				F7AEC1E1282E22B7008174B9 /* Algo */,
				F7AEC1F8282E27D3008174B9 /* AlgoTests */,
			);
		};
/* End PBXProject section */

/* Begin PBXResourcesBuildPhase section */
		F7AEC1E0282E22B7008174B9 /* Resources */ = {
			isa = PBXResourcesBuildPhase;
			buildActionMask = 2147483647;
			files = (
				F7AEC1ED282E22BA008174B9 /* Preview Assets.xcassets in Resources */,
				F7AEC1EA282E22BA008174B9 /* Assets.xcassets in Resources */,
			);
			runOnlyForDeploymentPostprocessing = 0;
		};
		F7AEC1F7282E27D3008174B9 /* Resources */ = {
			isa = PBXResourcesBuildPhase;
			buildActionMask = 2147483647;
			files = (
			);
			runOnlyForDeploymentPostprocessing = 0;
		};
/* End PBXResourcesBuildPhase section */

/* Begin PBXSourcesBuildPhase section */
		F7AEC1DE282E22B7008174B9 /* Sources */ = {
			isa = PBXSourcesBuildPhase;
			buildActionMask = 2147483647;
			files = (
				F7AEC2052831D86E008174B9 /* Queue.swift in Sources */,
				F7793A2E2834096A000D9428 /* AnimalShelterQueue.swift in Sources */,
				F7AEC2032831D6EC008174B9 /* Stack.swift in Sources */,
				F7793A2A28330DD5000D9428 /* QueueViaStacks.swift in Sources */,
				F7793A28283305A2000D9428 /* SetOfStacks.swift in Sources */,
				F7AEC2072831DBA7008174B9 /* StackAndQueuesQuestions.swift in Sources */,
				F7793A392834503F000D9428 /* Graph.swift in Sources */,
				F7AEC1F4282E22DA008174B9 /* LinkedList.swift in Sources */,
				F7AEC1E8282E22B7008174B9 /* ContentView.swift in Sources */,
				F7793A3028341F67000D9428 /* BinarySearchTree.swift in Sources */,
				F7793A352834246D000D9428 /* BinaryTreeView.swift in Sources */,
				F7793A2C2833123A000D9428 /* ThreeStacksInOne.swift in Sources */,
				F7793A3C283450CF000D9428 /* GraphQuestions.swift in Sources */,
				F7AEC1E6282E22B7008174B9 /* AlgoApp.swift in Sources */,
				F7793A242832FE0B000D9428 /* StackWithMin.swift in Sources */,
				F7793A3728343BC8000D9428 /* BinaryTreeDemo.swift in Sources */,
			);
			runOnlyForDeploymentPostprocessing = 0;
		};
		F7AEC1F5282E27D3008174B9 /* Sources */ = {
			isa = PBXSourcesBuildPhase;
			buildActionMask = 2147483647;
			files = (
				F7793A2628330217000D9428 /* StacksAndQueuesTests.swift in Sources */,
				F7793A3E283452C6000D9428 /* GraphsAndTreesTests.swift in Sources */,
				F7AEC1FC282E27D3008174B9 /* LinkedListTests.swift in Sources */,
			);
			runOnlyForDeploymentPostprocessing = 0;
		};
/* End PBXSourcesBuildPhase section */

/* Begin PBXTargetDependency section */
		F7AEC1FE282E27D3008174B9 /* PBXTargetDependency */ = {
			isa = PBXTargetDependency;
			target = F7AEC1E1282E22B7008174B9 /* Algo */;
			targetProxy = F7AEC1FD282E27D3008174B9 /* PBXContainerItemProxy */;
		};
/* End PBXTargetDependency section */

/* Begin XCBuildConfiguration section */
		F7AEC1EE282E22BA008174B9 /* Debug */ = {
			isa = XCBuildConfiguration;
			buildSettings = {
				ALWAYS_SEARCH_USER_PATHS = NO;
				CLANG_ANALYZER_NONNULL = YES;
				CLANG_ANALYZER_NUMBER_OBJECT_CONVERSION = YES_AGGRESSIVE;
				CLANG_CXX_LANGUAGE_STANDARD = "gnu++17";
				CLANG_ENABLE_MODULES = YES;
				CLANG_ENABLE_OBJC_ARC = YES;
				CLANG_ENABLE_OBJC_WEAK = YES;
				CLANG_WARN_BLOCK_CAPTURE_AUTORELEASING = YES;
				CLANG_WARN_BOOL_CONVERSION = YES;
				CLANG_WARN_COMMA = YES;
				CLANG_WARN_CONSTANT_CONVERSION = YES;
				CLANG_WARN_DEPRECATED_OBJC_IMPLEMENTATIONS = YES;
				CLANG_WARN_DIRECT_OBJC_ISA_USAGE = YES_ERROR;
				CLANG_WARN_DOCUMENTATION_COMMENTS = YES;
				CLANG_WARN_EMPTY_BODY = YES;
				CLANG_WARN_ENUM_CONVERSION = YES;
				CLANG_WARN_INFINITE_RECURSION = YES;
				CLANG_WARN_INT_CONVERSION = YES;
				CLANG_WARN_NON_LITERAL_NULL_CONVERSION = YES;
				CLANG_WARN_OBJC_IMPLICIT_RETAIN_SELF = YES;
				CLANG_WARN_OBJC_LITERAL_CONVERSION = YES;
				CLANG_WARN_OBJC_ROOT_CLASS = YES_ERROR;
				CLANG_WARN_QUOTED_INCLUDE_IN_FRAMEWORK_HEADER = YES;
				CLANG_WARN_RANGE_LOOP_ANALYSIS = YES;
				CLANG_WARN_STRICT_PROTOTYPES = YES;
				CLANG_WARN_SUSPICIOUS_MOVE = YES;
				CLANG_WARN_UNGUARDED_AVAILABILITY = YES_AGGRESSIVE;
				CLANG_WARN_UNREACHABLE_CODE = YES;
				CLANG_WARN__DUPLICATE_METHOD_MATCH = YES;
				COPY_PHASE_STRIP = NO;
				DEBUG_INFORMATION_FORMAT = dwarf;
				ENABLE_STRICT_OBJC_MSGSEND = YES;
				ENABLE_TESTABILITY = YES;
				GCC_C_LANGUAGE_STANDARD = gnu11;
				GCC_DYNAMIC_NO_PIC = NO;
				GCC_NO_COMMON_BLOCKS = YES;
				GCC_OPTIMIZATION_LEVEL = 0;
				GCC_PREPROCESSOR_DEFINITIONS = (
					"DEBUG=1",
					"$(inherited)",
				);
				GCC_WARN_64_TO_32_BIT_CONVERSION = YES;
				GCC_WARN_ABOUT_RETURN_TYPE = YES_ERROR;
				GCC_WARN_UNDECLARED_SELECTOR = YES;
				GCC_WARN_UNINITIALIZED_AUTOS = YES_AGGRESSIVE;
				GCC_WARN_UNUSED_FUNCTION = YES;
				GCC_WARN_UNUSED_VARIABLE = YES;
				IPHONEOS_DEPLOYMENT_TARGET = 15.4;
				MTL_ENABLE_DEBUG_INFO = INCLUDE_SOURCE;
				MTL_FAST_MATH = YES;
				ONLY_ACTIVE_ARCH = YES;
				SDKROOT = iphoneos;
				SWIFT_ACTIVE_COMPILATION_CONDITIONS = DEBUG;
				SWIFT_OPTIMIZATION_LEVEL = "-Onone";
			};
			name = Debug;
		};
		F7AEC1EF282E22BA008174B9 /* Release */ = {
			isa = XCBuildConfiguration;
			buildSettings = {
				ALWAYS_SEARCH_USER_PATHS = NO;
				CLANG_ANALYZER_NONNULL = YES;
				CLANG_ANALYZER_NUMBER_OBJECT_CONVERSION = YES_AGGRESSIVE;
				CLANG_CXX_LANGUAGE_STANDARD = "gnu++17";
				CLANG_ENABLE_MODULES = YES;
				CLANG_ENABLE_OBJC_ARC = YES;
				CLANG_ENABLE_OBJC_WEAK = YES;
				CLANG_WARN_BLOCK_CAPTURE_AUTORELEASING = YES;
				CLANG_WARN_BOOL_CONVERSION = YES;
				CLANG_WARN_COMMA = YES;
				CLANG_WARN_CONSTANT_CONVERSION = YES;
				CLANG_WARN_DEPRECATED_OBJC_IMPLEMENTATIONS = YES;
				CLANG_WARN_DIRECT_OBJC_ISA_USAGE = YES_ERROR;
				CLANG_WARN_DOCUMENTATION_COMMENTS = YES;
				CLANG_WARN_EMPTY_BODY = YES;
				CLANG_WARN_ENUM_CONVERSION = YES;
				CLANG_WARN_INFINITE_RECURSION = YES;
				CLANG_WARN_INT_CONVERSION = YES;
				CLANG_WARN_NON_LITERAL_NULL_CONVERSION = YES;
				CLANG_WARN_OBJC_IMPLICIT_RETAIN_SELF = YES;
				CLANG_WARN_OBJC_LITERAL_CONVERSION = YES;
				CLANG_WARN_OBJC_ROOT_CLASS = YES_ERROR;
				CLANG_WARN_QUOTED_INCLUDE_IN_FRAMEWORK_HEADER = YES;
				CLANG_WARN_RANGE_LOOP_ANALYSIS = YES;
				CLANG_WARN_STRICT_PROTOTYPES = YES;
				CLANG_WARN_SUSPICIOUS_MOVE = YES;
				CLANG_WARN_UNGUARDED_AVAILABILITY = YES_AGGRESSIVE;
				CLANG_WARN_UNREACHABLE_CODE = YES;
				CLANG_WARN__DUPLICATE_METHOD_MATCH = YES;
				COPY_PHASE_STRIP = NO;
				DEBUG_INFORMATION_FORMAT = "dwarf-with-dsym";
				ENABLE_NS_ASSERTIONS = NO;
				ENABLE_STRICT_OBJC_MSGSEND = YES;
				GCC_C_LANGUAGE_STANDARD = gnu11;
				GCC_NO_COMMON_BLOCKS = YES;
				GCC_WARN_64_TO_32_BIT_CONVERSION = YES;
				GCC_WARN_ABOUT_RETURN_TYPE = YES_ERROR;
				GCC_WARN_UNDECLARED_SELECTOR = YES;
				GCC_WARN_UNINITIALIZED_AUTOS = YES_AGGRESSIVE;
				GCC_WARN_UNUSED_FUNCTION = YES;
				GCC_WARN_UNUSED_VARIABLE = YES;
				IPHONEOS_DEPLOYMENT_TARGET = 15.4;
				MTL_ENABLE_DEBUG_INFO = NO;
				MTL_FAST_MATH = YES;
				SDKROOT = iphoneos;
				SWIFT_COMPILATION_MODE = wholemodule;
				SWIFT_OPTIMIZATION_LEVEL = "-O";
				VALIDATE_PRODUCT = YES;
			};
			name = Release;
		};
		F7AEC1F1282E22BA008174B9 /* Debug */ = {
			isa = XCBuildConfiguration;
			buildSettings = {
				ASSETCATALOG_COMPILER_APPICON_NAME = AppIcon;
				ASSETCATALOG_COMPILER_GLOBAL_ACCENT_COLOR_NAME = AccentColor;
				CODE_SIGN_STYLE = Automatic;
				CURRENT_PROJECT_VERSION = 1;
				DEVELOPMENT_ASSET_PATHS = "\"Algo/Preview Content\"";
				DEVELOPMENT_TEAM = 77U2457882;
				ENABLE_PREVIEWS = YES;
				GENERATE_INFOPLIST_FILE = YES;
				INFOPLIST_KEY_UIApplicationSceneManifest_Generation = YES;
				INFOPLIST_KEY_UIApplicationSupportsIndirectInputEvents = YES;
				INFOPLIST_KEY_UILaunchScreen_Generation = YES;
				INFOPLIST_KEY_UISupportedInterfaceOrientations_iPad = "UIInterfaceOrientationPortrait UIInterfaceOrientationPortraitUpsideDown UIInterfaceOrientationLandscapeLeft UIInterfaceOrientationLandscapeRight";
				INFOPLIST_KEY_UISupportedInterfaceOrientations_iPhone = "UIInterfaceOrientationPortrait UIInterfaceOrientationLandscapeLeft UIInterfaceOrientationLandscapeRight";
				LD_RUNPATH_SEARCH_PATHS = (
					"$(inherited)",
					"@executable_path/Frameworks",
				);
				MARKETING_VERSION = 1.0;
				PRODUCT_BUNDLE_IDENTIFIER = com.trevoradcock.Algo;
				PRODUCT_NAME = "$(TARGET_NAME)";
				SWIFT_EMIT_LOC_STRINGS = YES;
				SWIFT_VERSION = 5.0;
				TARGETED_DEVICE_FAMILY = "1,2";
			};
			name = Debug;
		};
		F7AEC1F2282E22BA008174B9 /* Release */ = {
			isa = XCBuildConfiguration;
			buildSettings = {
				ASSETCATALOG_COMPILER_APPICON_NAME = AppIcon;
				ASSETCATALOG_COMPILER_GLOBAL_ACCENT_COLOR_NAME = AccentColor;
				CODE_SIGN_STYLE = Automatic;
				CURRENT_PROJECT_VERSION = 1;
				DEVELOPMENT_ASSET_PATHS = "\"Algo/Preview Content\"";
				DEVELOPMENT_TEAM = 77U2457882;
				ENABLE_PREVIEWS = YES;
				GENERATE_INFOPLIST_FILE = YES;
				INFOPLIST_KEY_UIApplicationSceneManifest_Generation = YES;
				INFOPLIST_KEY_UIApplicationSupportsIndirectInputEvents = YES;
				INFOPLIST_KEY_UILaunchScreen_Generation = YES;
				INFOPLIST_KEY_UISupportedInterfaceOrientations_iPad = "UIInterfaceOrientationPortrait UIInterfaceOrientationPortraitUpsideDown UIInterfaceOrientationLandscapeLeft UIInterfaceOrientationLandscapeRight";
				INFOPLIST_KEY_UISupportedInterfaceOrientations_iPhone = "UIInterfaceOrientationPortrait UIInterfaceOrientationLandscapeLeft UIInterfaceOrientationLandscapeRight";
				LD_RUNPATH_SEARCH_PATHS = (
					"$(inherited)",
					"@executable_path/Frameworks",
				);
				MARKETING_VERSION = 1.0;
				PRODUCT_BUNDLE_IDENTIFIER = com.trevoradcock.Algo;
				PRODUCT_NAME = "$(TARGET_NAME)";
				SWIFT_EMIT_LOC_STRINGS = YES;
				SWIFT_VERSION = 5.0;
				TARGETED_DEVICE_FAMILY = "1,2";
			};
			name = Release;
		};
		F7AEC200282E27D3008174B9 /* Debug */ = {
			isa = XCBuildConfiguration;
			buildSettings = {
				BUNDLE_LOADER = "$(TEST_HOST)";
				CODE_SIGN_STYLE = Automatic;
				CURRENT_PROJECT_VERSION = 1;
				GENERATE_INFOPLIST_FILE = YES;
				MARKETING_VERSION = 1.0;
				PRODUCT_BUNDLE_IDENTIFIER = com.trevoradcock.AlgoTests;
				PRODUCT_NAME = "$(TARGET_NAME)";
				SWIFT_EMIT_LOC_STRINGS = NO;
				SWIFT_VERSION = 5.0;
				TARGETED_DEVICE_FAMILY = "1,2";
				TEST_HOST = "$(BUILT_PRODUCTS_DIR)/Algo.app/Algo";
			};
			name = Debug;
		};
		F7AEC201282E27D3008174B9 /* Release */ = {
			isa = XCBuildConfiguration;
			buildSettings = {
				BUNDLE_LOADER = "$(TEST_HOST)";
				CODE_SIGN_STYLE = Automatic;
				CURRENT_PROJECT_VERSION = 1;
				GENERATE_INFOPLIST_FILE = YES;
				MARKETING_VERSION = 1.0;
				PRODUCT_BUNDLE_IDENTIFIER = com.trevoradcock.AlgoTests;
				PRODUCT_NAME = "$(TARGET_NAME)";
				SWIFT_EMIT_LOC_STRINGS = NO;
				SWIFT_VERSION = 5.0;
				TARGETED_DEVICE_FAMILY = "1,2";
				TEST_HOST = "$(BUILT_PRODUCTS_DIR)/Algo.app/Algo";
			};
			name = Release;
		};
/* End XCBuildConfiguration section */

/* Begin XCConfigurationList section */
		F7AEC1DD282E22B7008174B9 /* Build configuration list for PBXProject "Algo" */ = {
			isa = XCConfigurationList;
			buildConfigurations = (
				F7AEC1EE282E22BA008174B9 /* Debug */,
				F7AEC1EF282E22BA008174B9 /* Release */,
			);
			defaultConfigurationIsVisible = 0;
			defaultConfigurationName = Release;
		};
		F7AEC1F0282E22BA008174B9 /* Build configuration list for PBXNativeTarget "Algo" */ = {
			isa = XCConfigurationList;
			buildConfigurations = (
				F7AEC1F1282E22BA008174B9 /* Debug */,
				F7AEC1F2282E22BA008174B9 /* Release */,
			);
			defaultConfigurationIsVisible = 0;
			defaultConfigurationName = Release;
		};
		F7AEC1FF282E27D3008174B9 /* Build configuration list for PBXNativeTarget "AlgoTests" */ = {
			isa = XCConfigurationList;
			buildConfigurations = (
				F7AEC200282E27D3008174B9 /* Debug */,
				F7AEC201282E27D3008174B9 /* Release */,
			);
			defaultConfigurationIsVisible = 0;
			defaultConfigurationName = Release;
		};
/* End XCConfigurationList section */
	};
	rootObject = F7AEC1DA282E22B7008174B9 /* Project object */;
}
